# This file is automatically @generated by Cargo.
# It is not intended for manual editing.
version = 3

[[package]]
name = "analizer"
version = "0.1.0"

[[package]]
name = "ast"
version = "0.1.0"
dependencies = [
 "enums",
 "lexer",
]

[[package]]
name = "compiler"
version = "0.1.0"

[[package]]
name = "enums"
version = "0.1.0"

[[package]]
name = "evaluator"
version = "0.1.0"
dependencies = [
 "ast",
 "enums",
 "lexer",
]

[[package]]
name = "ignis-lang"
version = "0.1.0"
dependencies = [
 "analizer",
 "ast",
 "compiler",
 "enums",
 "evaluator",
 "lexer",
 "parser",
]

[[package]]
name = "lexer"
version = "0.1.0"
dependencies = [
 "enums",
]

[[package]]
name = "parser"
version = "0.1.0"
dependencies = [
 "ast",
 "enums",
 "lexer",
]
